
Microsoft Visual Studio Solution File, Format Version 12.00
# Visual Studio Version 17
VisualStudioVersion = 17.11.35222.181
MinimumVisualStudioVersion = 10.0.40219.1
Project("{FAE04EC0-301F-11D3-BF4B-00C04F79EFBC}") = "ProgAbarrotesDB", "ProgAbarrotesDB\ProgAbarrotesDB.csproj", "{D20BABB3-E2E2-48F5-8538-CA8813AD1307}"
EndProject
Global
	GlobalSection(SolutionConfigurationPlatforms) = preSolution
		Debug|Any CPU = Debug|Any CPU
		Release|Any CPU = Release|Any CPU
	EndGlobalSection
	GlobalSection(ProjectConfigurationPlatforms) = postSolution
		{D20BABB3-E2E2-48F5-8538-CA8813AD1307}.Debug|Any CPU.ActiveCfg = Debug|Any CPU
		{D20BABB3-E2E2-48F5-8538-CA8813AD1307}.Debug|Any CPU.Build.0 = Debug|Any CPU
		{D20BABB3-E2E2-48F5-8538-CA8813AD1307}.Release|Any CPU.ActiveCfg = Release|Any CPU
		{D20BABB3-E2E2-48F5-8538-CA8813AD1307}.Release|Any CPU.Build.0 = Release|Any CPU
	EndGlobalSection
	GlobalSection(SolutionProperties) = preSolution
		HideSolutionNode = FALSE
	EndGlobalSection
	GlobalSection(ExtensibilityGlobals) = postSolution
		SolutionGuid = {86F90D54-EC57-45D6-8EF5-1753713AE666}
	EndGlobalSection
EndGlobal
